{
  "name": "ExaminationCalendar",
  "version": "1.0.0",
  "lockfileVersion": 1,
  "requires": true,
  "dependencies": {
    "luxon": {
      "version": "0.2.9",
      "resolved": "https://registry.npmjs.org/luxon/-/luxon-0.2.9.tgz",
      "integrity": "sha512-+gIk1SdgWpbvmzV4k28ekzKvAuAU0hwzVYkzC4CWRz/E1jU237vAzPWow+vHfFZqL6/8GEICrDASA02pyFXevQ=="
    },
    "ramda": {
      "version": "0.25.0",
      "resolved": "https://registry.npmjs.org/ramda/-/ramda-0.25.0.tgz",
      "integrity": "sha512-GXpfrYVPwx3K7RQ6aYT8KPS8XViSXUVJT1ONhoKPE9VAleW42YE+U+8VEyGWt41EnEQW7gwecYJriTI0pKoecQ=="
    }
  }
}
